
Microsoft Visual Studio Solution File, Format Version 12.00
# Visual Studio Version 17
VisualStudioVersion = 17.0.31903.59
MinimumVisualStudioVersion = 10.0.40219.1
Project("{2150E333-8FDC-42A3-9474-1A3956D46DE8}") = "src", "src", "{C9A5ABED-FCAA-420D-BF82-FA77FABCCDD3}"
EndProject
Project("{2150E333-8FDC-42A3-9474-1A3956D46DE8}") = "tests", "tests", "{21705304-2A86-4A70-B23B-8B46B7936DBD}"
EndProject
Project("{FAE04EC0-301F-11D3-BF4B-00C04F79EFBC}") = "GymTrackerBot.Domain", "src\GymTrackerBot.Domain\GymTrackerBot.Domain.csproj", "{2EDD613C-4751-439B-84B6-BF7FFFE559CA}"
EndProject
Project("{FAE04EC0-301F-11D3-BF4B-00C04F79EFBC}") = "GymTrackerBot.Infrastructure", "src\GymTrackerBot.Infrastructure\GymTrackerBot.Infrastructure.csproj", "{3990093C-31E3-4217-8CFC-C4AC8614E8C1}"
EndProject
Project("{2150E333-8FDC-42A3-9474-1A3956D46DE8}") = "Solution Items", "Solution Items", "{F273AD80-7BA5-42D7-9A3D-842333D62AA0}"
	ProjectSection(SolutionItems) = preProject
		compose.dev.yaml = compose.dev.yaml
	EndProjectSection
EndProject
Project("{FAE04EC0-301F-11D3-BF4B-00C04F79EFBC}") = "GymTrackerBot.PWA", "src\GymTrackerBot.PWA\GymTrackerBot.PWA.csproj", "{F440CCD4-06E7-470F-B44A-DA8759170CEE}"
EndProject
Global
	GlobalSection(SolutionConfigurationPlatforms) = preSolution
		Debug|Any CPU = Debug|Any CPU
		Release|Any CPU = Release|Any CPU
	EndGlobalSection
	GlobalSection(SolutionProperties) = preSolution
		HideSolutionNode = FALSE
	EndGlobalSection
	GlobalSection(NestedProjects) = preSolution
		{2EDD613C-4751-439B-84B6-BF7FFFE559CA} = {C9A5ABED-FCAA-420D-BF82-FA77FABCCDD3}
		{3990093C-31E3-4217-8CFC-C4AC8614E8C1} = {C9A5ABED-FCAA-420D-BF82-FA77FABCCDD3}
		{F440CCD4-06E7-470F-B44A-DA8759170CEE} = {C9A5ABED-FCAA-420D-BF82-FA77FABCCDD3}
	EndGlobalSection
	GlobalSection(ProjectConfigurationPlatforms) = postSolution
		{2EDD613C-4751-439B-84B6-BF7FFFE559CA}.Debug|Any CPU.ActiveCfg = Debug|Any CPU
		{2EDD613C-4751-439B-84B6-BF7FFFE559CA}.Debug|Any CPU.Build.0 = Debug|Any CPU
		{2EDD613C-4751-439B-84B6-BF7FFFE559CA}.Release|Any CPU.ActiveCfg = Release|Any CPU
		{2EDD613C-4751-439B-84B6-BF7FFFE559CA}.Release|Any CPU.Build.0 = Release|Any CPU
		{3990093C-31E3-4217-8CFC-C4AC8614E8C1}.Debug|Any CPU.ActiveCfg = Debug|Any CPU
		{3990093C-31E3-4217-8CFC-C4AC8614E8C1}.Debug|Any CPU.Build.0 = Debug|Any CPU
		{3990093C-31E3-4217-8CFC-C4AC8614E8C1}.Release|Any CPU.ActiveCfg = Release|Any CPU
		{3990093C-31E3-4217-8CFC-C4AC8614E8C1}.Release|Any CPU.Build.0 = Release|Any CPU
		{F440CCD4-06E7-470F-B44A-DA8759170CEE}.Debug|Any CPU.ActiveCfg = Debug|Any CPU
		{F440CCD4-06E7-470F-B44A-DA8759170CEE}.Debug|Any CPU.Build.0 = Debug|Any CPU
		{F440CCD4-06E7-470F-B44A-DA8759170CEE}.Release|Any CPU.ActiveCfg = Release|Any CPU
		{F440CCD4-06E7-470F-B44A-DA8759170CEE}.Release|Any CPU.Build.0 = Release|Any CPU
	EndGlobalSection
EndGlobal
